
Microsoft Visual Studio Solution File, Format Version 12.00
# Visual Studio Version 17
VisualStudioVersion = 17.9.34607.119
MinimumVisualStudioVersion = 10.0.40219.1
Project("{9A19103F-16F7-4668-BE54-9A1E7A4F7556}") = "Exam", "Exam\Exam.csproj", "{E7DF83BC-E71D-4623-B452-D6B791001733}"
EndProject
Project("{9A19103F-16F7-4668-BE54-9A1E7A4F7556}") = "CodingChallengeTests", "CodingChallengeTests\CodingChallengeTests.csproj", "{334479CC-423F-49BA-A871-4A55E96E2E95}"
EndProject
Project("{E53339B2-1760-4266-BCC7-CA923CBCF16C}") = "docker-compose", "docker-compose.dcproj", "{1AAD9288-7331-45E9-AE2A-725BC64D60B1}"
EndProject
Global
	GlobalSection(SolutionConfigurationPlatforms) = preSolution
		Debug|Any CPU = Debug|Any CPU
		Release|Any CPU = Release|Any CPU
	EndGlobalSection
	GlobalSection(ProjectConfigurationPlatforms) = postSolution
		{E7DF83BC-E71D-4623-B452-D6B791001733}.Debug|Any CPU.ActiveCfg = Debug|Any CPU
		{E7DF83BC-E71D-4623-B452-D6B791001733}.Debug|Any CPU.Build.0 = Debug|Any CPU
		{E7DF83BC-E71D-4623-B452-D6B791001733}.Release|Any CPU.ActiveCfg = Release|Any CPU
		{E7DF83BC-E71D-4623-B452-D6B791001733}.Release|Any CPU.Build.0 = Release|Any CPU
		{334479CC-423F-49BA-A871-4A55E96E2E95}.Debug|Any CPU.ActiveCfg = Debug|Any CPU
		{334479CC-423F-49BA-A871-4A55E96E2E95}.Debug|Any CPU.Build.0 = Debug|Any CPU
		{334479CC-423F-49BA-A871-4A55E96E2E95}.Release|Any CPU.ActiveCfg = Release|Any CPU
		{334479CC-423F-49BA-A871-4A55E96E2E95}.Release|Any CPU.Build.0 = Release|Any CPU
		{1AAD9288-7331-45E9-AE2A-725BC64D60B1}.Debug|Any CPU.ActiveCfg = Debug|Any CPU
		{1AAD9288-7331-45E9-AE2A-725BC64D60B1}.Debug|Any CPU.Build.0 = Debug|Any CPU
		{1AAD9288-7331-45E9-AE2A-725BC64D60B1}.Release|Any CPU.ActiveCfg = Release|Any CPU
		{1AAD9288-7331-45E9-AE2A-725BC64D60B1}.Release|Any CPU.Build.0 = Release|Any CPU
	EndGlobalSection
	GlobalSection(SolutionProperties) = preSolution
		HideSolutionNode = FALSE
	EndGlobalSection
	GlobalSection(ExtensibilityGlobals) = postSolution
		SolutionGuid = {24137A74-AF0F-49FD-A048-0E6862593FD7}
	EndGlobalSection
EndGlobal
